
Microsoft Visual Studio Solution File, Format Version 12.00
# Visual Studio Version 16
VisualStudioVersion = 16.0.30114.105
MinimumVisualStudioVersion = 10.0.40219.1
Project("{FAE04EC0-301F-11D3-BF4B-00C04F79EFBC}") = "Server", "Server\Server.csproj", "{1D02C38F-633F-49C8-901C-9158B7D8CAF3}"
EndProject
Project("{FAE04EC0-301F-11D3-BF4B-00C04F79EFBC}") = "Core", "Core\Core.csproj", "{6C6B19A3-8FF6-4219-93BF-6E2469D7091B}"
EndProject
Global
	GlobalSection(SolutionConfigurationPlatforms) = preSolution
		Debug|Any CPU = Debug|Any CPU
		Release|Any CPU = Release|Any CPU
	EndGlobalSection
	GlobalSection(SolutionProperties) = preSolution
		HideSolutionNode = FALSE
	EndGlobalSection
	GlobalSection(ProjectConfigurationPlatforms) = postSolution
		{1D02C38F-633F-49C8-901C-9158B7D8CAF3}.Debug|Any CPU.ActiveCfg = Debug|Any CPU
		{1D02C38F-633F-49C8-901C-9158B7D8CAF3}.Debug|Any CPU.Build.0 = Debug|Any CPU
		{1D02C38F-633F-49C8-901C-9158B7D8CAF3}.Release|Any CPU.ActiveCfg = Release|Any CPU
		{1D02C38F-633F-49C8-901C-9158B7D8CAF3}.Release|Any CPU.Build.0 = Release|Any CPU
		{6C6B19A3-8FF6-4219-93BF-6E2469D7091B}.Debug|Any CPU.ActiveCfg = Debug|Any CPU
		{6C6B19A3-8FF6-4219-93BF-6E2469D7091B}.Debug|Any CPU.Build.0 = Debug|Any CPU
		{6C6B19A3-8FF6-4219-93BF-6E2469D7091B}.Release|Any CPU.ActiveCfg = Release|Any CPU
		{6C6B19A3-8FF6-4219-93BF-6E2469D7091B}.Release|Any CPU.Build.0 = Release|Any CPU
	EndGlobalSection
EndGlobal
