
Microsoft Visual Studio Solution File, Format Version 12.00
# Visual Studio Version 16
VisualStudioVersion = 16.0.30114.105
MinimumVisualStudioVersion = 10.0.40219.1
Project("{FAE04EC0-301F-11D3-BF4B-00C04F79EFBC}") = "Server", "Server\Server.csproj", "{81CA1C83-A770-4A94-953B-4A0AC55EAC6E}"
EndProject
Project("{FAE04EC0-301F-11D3-BF4B-00C04F79EFBC}") = "Core", "Core\Core.csproj", "{F4BE14E7-C66C-4622-8E1E-5FFE2D7C945B}"
EndProject
Global
	GlobalSection(SolutionConfigurationPlatforms) = preSolution
		Debug|Any CPU = Debug|Any CPU
		Release|Any CPU = Release|Any CPU
	EndGlobalSection
	GlobalSection(SolutionProperties) = preSolution
		HideSolutionNode = FALSE
	EndGlobalSection
	GlobalSection(ProjectConfigurationPlatforms) = postSolution
		{81CA1C83-A770-4A94-953B-4A0AC55EAC6E}.Debug|Any CPU.ActiveCfg = Debug|Any CPU
		{81CA1C83-A770-4A94-953B-4A0AC55EAC6E}.Debug|Any CPU.Build.0 = Debug|Any CPU
		{81CA1C83-A770-4A94-953B-4A0AC55EAC6E}.Release|Any CPU.ActiveCfg = Release|Any CPU
		{81CA1C83-A770-4A94-953B-4A0AC55EAC6E}.Release|Any CPU.Build.0 = Release|Any CPU
		{F4BE14E7-C66C-4622-8E1E-5FFE2D7C945B}.Debug|Any CPU.ActiveCfg = Debug|Any CPU
		{F4BE14E7-C66C-4622-8E1E-5FFE2D7C945B}.Debug|Any CPU.Build.0 = Debug|Any CPU
		{F4BE14E7-C66C-4622-8E1E-5FFE2D7C945B}.Release|Any CPU.ActiveCfg = Release|Any CPU
		{F4BE14E7-C66C-4622-8E1E-5FFE2D7C945B}.Release|Any CPU.Build.0 = Release|Any CPU
	EndGlobalSection
EndGlobal
